{
  "name": "Backend",
  "lockfileVersion": 3,
  "requires": true,
  "packages": {
    "": {
      "dependencies": {
        "moment-timezone": "^0.6.0"
      },
      "devDependencies": {
        "@types/moment-timezone": "^0.5.13"
      }
    },
    "node_modules/@types/moment-timezone": {
      "version": "0.5.13",
      "resolved": "https://registry.npmjs.org/@types/moment-timezone/-/moment-timezone-0.5.13.tgz",
      "integrity": "sha512-SWk1qM8DRssS5YR9L4eEX7WUhK/wc96aIr4nMa6p0kTk9YhGGOJjECVhIdPEj13fvJw72Xun69gScXSZ/UmcPg==",
      "dev": true,
      "license": "MIT",
      "dependencies": {
        "moment": ">=2.14.0"
      }
    },
    "node_modules/moment": {
      "version": "2.30.1",
      "resolved": "https://registry.npmjs.org/moment/-/moment-2.30.1.tgz",
      "integrity": "sha512-uEmtNhbDOrWPFS+hdjFCBfy9f2YoyzRpwcl+DqpC6taX21FzsTLQVbMV/W7PzNSX6x/bhC1zA3c2UQ5NzH6how==",
      "license": "MIT",
      "engines": {
        "node": "*"
      }
    },
    "node_modules/moment-timezone": {
      "version": "0.6.0",
      "resolved": "https://registry.npmjs.org/moment-timezone/-/moment-timezone-0.6.0.tgz",
      "integrity": "sha512-ldA5lRNm3iJCWZcBCab4pnNL3HSZYXVb/3TYr75/1WCTWYuTqYUb5f/S384pncYjJ88lbO8Z4uPDvmoluHJc8Q==",
      "license": "MIT",
      "dependencies": {
        "moment": "^2.29.4"
      },
      "engines": {
        "node": "*"
      }
    }
  }
}
